// !$*UTF8*$!
{
	archiveVersion = 1;
	classes = {
	};
	objectVersion = 46;
	objects = {

/* Begin PBXBuildFile section */
		076A5C35E3559A62C1C7A77C /* Pods_TSVoiceConverterDemo.framework in Frameworks */ = {isa = PBXBuildFile; fileRef = C828AF9E69F662F5DF1BD8FE /* Pods_TSVoiceConverterDemo.framework */; };
		AE2F1BD31CAAE26C00D77534 /* AppDelegate.swift in Sources */ = {isa = PBXBuildFile; fileRef = AE2F1BD21CAAE26C00D77534 /* AppDelegate.swift */; };
		AE2F1BD51CAAE26C00D77534 /* ViewController.swift in Sources */ = {isa = PBXBuildFile; fileRef = AE2F1BD41CAAE26C00D77534 /* ViewController.swift */; };
		AE2F1BD81CAAE26C00D77534 /* Main.storyboard in Resources */ = {isa = PBXBuildFile; fileRef = AE2F1BD61CAAE26C00D77534 /* Main.storyboard */; };
		AE2F1BDA1CAAE26C00D77534 /* Assets.xcassets in Resources */ = {isa = PBXBuildFile; fileRef = AE2F1BD91CAAE26C00D77534 /* Assets.xcassets */; };
		AE2F1BDD1CAAE26C00D77534 /* LaunchScreen.storyboard in Resources */ = {isa = PBXBuildFile; fileRef = AE2F1BDB1CAAE26C00D77534 /* LaunchScreen.storyboard */; };
		AE2F1BE81CAAE26C00D77534 /* TSVoiceConverterDemoTests.swift in Sources */ = {isa = PBXBuildFile; fileRef = AE2F1BE71CAAE26C00D77534 /* TSVoiceConverterDemoTests.swift */; };
		AEC469C51CAAEFB2003C9B98 /* count.wav in Resources */ = {isa = PBXBuildFile; fileRef = AEC469C31CAAEFB2003C9B98 /* count.wav */; };
		AEC469C61CAAEFB2003C9B98 /* hello.amr in Resources */ = {isa = PBXBuildFile; fileRef = AEC469C41CAAEFB2003C9B98 /* hello.amr */; };
/* End PBXBuildFile section */

/* Begin PBXContainerItemProxy section */
		AE2F1BE41CAAE26C00D77534 /* PBXContainerItemProxy */ = {
			isa = PBXContainerItemProxy;
			containerPortal = AE2F1BC71CAAE26C00D77534 /* Project object */;
			proxyType = 1;
			remoteGlobalIDString = AE2F1BCE1CAAE26C00D77534;
			remoteInfo = TSVoiceConverterDemo;
		};
/* End PBXContainerItemProxy section */

/* Begin PBXFileReference section */
		8D9000A3050EBDA0A98CD446 /* Pods-TSVoiceConverterDemo.debug.xcconfig */ = {isa = PBXFileReference; includeInIndex = 1; lastKnownFileType = text.xcconfig; name = "Pods-TSVoiceConverterDemo.debug.xcconfig"; path = "Pods/Target Support Files/Pods-TSVoiceConverterDemo/Pods-TSVoiceConverterDemo.debug.xcconfig"; sourceTree = "<group>"; };
		AE2F1BCF1CAAE26C00D77534 /* TSVoiceConverterDemo.app */ = {isa = PBXFileReference; explicitFileType = wrapper.application; includeInIndex = 0; path = TSVoiceConverterDemo.app; sourceTree = BUILT_PRODUCTS_DIR; };
		AE2F1BD21CAAE26C00D77534 /* AppDelegate.swift */ = {isa = PBXFileReference; lastKnownFileType = sourcecode.swift; path = AppDelegate.swift; sourceTree = "<group>"; };
		AE2F1BD41CAAE26C00D77534 /* ViewController.swift */ = {isa = PBXFileReference; lastKnownFileType = sourcecode.swift; path = ViewController.swift; sourceTree = "<group>"; };
		AE2F1BD71CAAE26C00D77534 /* Base */ = {isa = PBXFileReference; lastKnownFileType = file.storyboard; name = Base; path = Base.lproj/Main.storyboard; sourceTree = "<group>"; };
		AE2F1BD91CAAE26C00D77534 /* Assets.xcassets */ = {isa = PBXFileReference; lastKnownFileType = folder.assetcatalog; path = Assets.xcassets; sourceTree = "<group>"; };
		AE2F1BDC1CAAE26C00D77534 /* Base */ = {isa = PBXFileReference; lastKnownFileType = file.storyboard; name = Base; path = Base.lproj/LaunchScreen.storyboard; sourceTree = "<group>"; };
		AE2F1BDE1CAAE26C00D77534 /* Info.plist */ = {isa = PBXFileReference; lastKnownFileType = text.plist.xml; path = Info.plist; sourceTree = "<group>"; };
		AE2F1BE31CAAE26C00D77534 /* TSVoiceConverterDemoTests.xctest */ = {isa = PBXFileReference; explicitFileType = wrapper.cfbundle; includeInIndex = 0; path = TSVoiceConverterDemoTests.xctest; sourceTree = BUILT_PRODUCTS_DIR; };
		AE2F1BE71CAAE26C00D77534 /* TSVoiceConverterDemoTests.swift */ = {isa = PBXFileReference; lastKnownFileType = sourcecode.swift; path = TSVoiceConverterDemoTests.swift; sourceTree = "<group>"; };
		AE2F1BE91CAAE26C00D77534 /* Info.plist */ = {isa = PBXFileReference; lastKnownFileType = text.plist.xml; path = Info.plist; sourceTree = "<group>"; };
		AEC469C31CAAEFB2003C9B98 /* count.wav */ = {isa = PBXFileReference; lastKnownFileType = audio.wav; path = count.wav; sourceTree = "<group>"; };
		AEC469C41CAAEFB2003C9B98 /* hello.amr */ = {isa = PBXFileReference; lastKnownFileType = file; path = hello.amr; sourceTree = "<group>"; };
		C828AF9E69F662F5DF1BD8FE /* Pods_TSVoiceConverterDemo.framework */ = {isa = PBXFileReference; explicitFileType = wrapper.framework; includeInIndex = 0; path = Pods_TSVoiceConverterDemo.framework; sourceTree = BUILT_PRODUCTS_DIR; };
		FA568B99163FE2414CC0C659 /* Pods-TSVoiceConverterDemo.release.xcconfig */ = {isa = PBXFileReference; includeInIndex = 1; lastKnownFileType = text.xcconfig; name = "Pods-TSVoiceConverterDemo.release.xcconfig"; path = "Pods/Target Support Files/Pods-TSVoiceConverterDemo/Pods-TSVoiceConverterDemo.release.xcconfig"; sourceTree = "<group>"; };
/* End PBXFileReference section */

/* Begin PBXFrameworksBuildPhase section */
		AE2F1BCC1CAAE26C00D77534 /* Frameworks */ = {
			isa = PBXFrameworksBuildPhase;
			buildActionMask = 2147483647;
			files = (
				076A5C35E3559A62C1C7A77C /* Pods_TSVoiceConverterDemo.framework in Frameworks */,
			);
			runOnlyForDeploymentPostprocessing = 0;
		};
		AE2F1BE01CAAE26C00D77534 /* Frameworks */ = {
			isa = PBXFrameworksBuildPhase;
			buildActionMask = 2147483647;
			files = (
			);
			runOnlyForDeploymentPostprocessing = 0;
		};
/* End PBXFrameworksBuildPhase section */

/* Begin PBXGroup section */
		A4B2AA9BDC6E5130EB03DD15 /* Pods */ = {
			isa = PBXGroup;
			children = (
				8D9000A3050EBDA0A98CD446 /* Pods-TSVoiceConverterDemo.debug.xcconfig */,
				FA568B99163FE2414CC0C659 /* Pods-TSVoiceConverterDemo.release.xcconfig */,
			);
			name = Pods;
			sourceTree = "<group>";
		};
		AE2F1BC61CAAE26C00D77534 = {
			isa = PBXGroup;
			children = (
				AE2F1BD11CAAE26C00D77534 /* TSVoiceConverterDemo */,
				AE2F1BE61CAAE26C00D77534 /* TSVoiceConverterDemoTests */,
				AE2F1BD01CAAE26C00D77534 /* Products */,
				A4B2AA9BDC6E5130EB03DD15 /* Pods */,
				D966E84003D012E552D18E94 /* Frameworks */,
			);
			sourceTree = "<group>";
		};
		AE2F1BD01CAAE26C00D77534 /* Products */ = {
			isa = PBXGroup;
			children = (
				AE2F1BCF1CAAE26C00D77534 /* TSVoiceConverterDemo.app */,
				AE2F1BE31CAAE26C00D77534 /* TSVoiceConverterDemoTests.xctest */,
			);
			name = Products;
			sourceTree = "<group>";
		};
		AE2F1BD11CAAE26C00D77534 /* TSVoiceConverterDemo */ = {
			isa = PBXGroup;
			children = (
				AEC469C31CAAEFB2003C9B98 /* count.wav */,
				AEC469C41CAAEFB2003C9B98 /* hello.amr */,
				AE2F1BD21CAAE26C00D77534 /* AppDelegate.swift */,
				AE2F1BD41CAAE26C00D77534 /* ViewController.swift */,
				AE2F1BD61CAAE26C00D77534 /* Main.storyboard */,
				AE2F1BD91CAAE26C00D77534 /* Assets.xcassets */,
				AE2F1BDB1CAAE26C00D77534 /* LaunchScreen.storyboard */,
				AE2F1BDE1CAAE26C00D77534 /* Info.plist */,
			);
			path = TSVoiceConverterDemo;
			sourceTree = "<group>";
		};
		AE2F1BE61CAAE26C00D77534 /* TSVoiceConverterDemoTests */ = {
			isa = PBXGroup;
			children = (
				AE2F1BE71CAAE26C00D77534 /* TSVoiceConverterDemoTests.swift */,
				AE2F1BE91CAAE26C00D77534 /* Info.plist */,
			);
			path = TSVoiceConverterDemoTests;
			sourceTree = "<group>";
		};
		D966E84003D012E552D18E94 /* Frameworks */ = {
			isa = PBXGroup;
			children = (
				C828AF9E69F662F5DF1BD8FE /* Pods_TSVoiceConverterDemo.framework */,
			);
			name = Frameworks;
			sourceTree = "<group>";
		};
/* End PBXGroup section */

/* Begin PBXNativeTarget section */
		AE2F1BCE1CAAE26C00D77534 /* TSVoiceConverterDemo */ = {
			isa = PBXNativeTarget;
			buildConfigurationList = AE2F1BEC1CAAE26C00D77534 /* Build configuration list for PBXNativeTarget "TSVoiceConverterDemo" */;
			buildPhases = (
				77E00311A499D1EE30435F78 /* [CP] Check Pods Manifest.lock */,
				AE2F1BCB1CAAE26C00D77534 /* Sources */,
				AE2F1BCC1CAAE26C00D77534 /* Frameworks */,
				AE2F1BCD1CAAE26C00D77534 /* Resources */,
				0A1327D1692D38E55B28FD8F /* [CP] Embed Pods Frameworks */,
			);
			buildRules = (
			);
			dependencies = (
			);
			name = TSVoiceConverterDemo;
			productName = TSVoiceConverterDemo;
			productReference = AE2F1BCF1CAAE26C00D77534 /* TSVoiceConverterDemo.app */;
			productType = "com.apple.product-type.application";
		};
		AE2F1BE21CAAE26C00D77534 /* TSVoiceConverterDemoTests */ = {
			isa = PBXNativeTarget;
			buildConfigurationList = AE2F1BEF1CAAE26C00D77534 /* Build configuration list for PBXNativeTarget "TSVoiceConverterDemoTests" */;
			buildPhases = (
				AE2F1BDF1CAAE26C00D77534 /* Sources */,
				AE2F1BE01CAAE26C00D77534 /* Frameworks */,
				AE2F1BE11CAAE26C00D77534 /* Resources */,
			);
			buildRules = (
			);
			dependencies = (
				AE2F1BE51CAAE26C00D77534 /* PBXTargetDependency */,
			);
			name = TSVoiceConverterDemoTests;
			productName = TSVoiceConverterDemoTests;
			productReference = AE2F1BE31CAAE26C00D77534 /* TSVoiceConverterDemoTests.xctest */;
			productType = "com.apple.product-type.bundle.unit-test";
		};
/* End PBXNativeTarget section */

/* Begin PBXProject section */
		AE2F1BC71CAAE26C00D77534 /* Project object */ = {
			isa = PBXProject;
			attributes = {
				LastSwiftUpdateCheck = 0730;
				LastUpgradeCheck = 0900;
				ORGANIZATIONNAME = Hilen;
				TargetAttributes = {
					AE2F1BCE1CAAE26C00D77534 = {
						CreatedOnToolsVersion = 7.3;
						LastSwiftMigration = 0800;
						ProvisioningStyle = Automatic;
					};
					AE2F1BE21CAAE26C00D77534 = {
						CreatedOnToolsVersion = 7.3;
						LastSwiftMigration = 0800;
						TestTargetID = AE2F1BCE1CAAE26C00D77534;
					};
				};
			};
			buildConfigurationList = AE2F1BCA1CAAE26C00D77534 /* Build configuration list for PBXProject "TSVoiceConverterDemo" */;
			compatibilityVersion = "Xcode 3.2";
			developmentRegion = English;
			hasScannedForEncodings = 0;
			knownRegions = (
				English,
				en,
				Base,
			);
			mainGroup = AE2F1BC61CAAE26C00D77534;
			productRefGroup = AE2F1BD01CAAE26C00D77534 /* Products */;
			projectDirPath = "";
			projectRoot = "";
			targets = (
				AE2F1BCE1CAAE26C00D77534 /* TSVoiceConverterDemo */,
				AE2F1BE21CAAE26C00D77534 /* TSVoiceConverterDemoTests */,
			);
		};
/* End PBXProject section */

/* Begin PBXResourcesBuildPhase section */
		AE2F1BCD1CAAE26C00D77534 /* Resources */ = {
			isa = PBXResourcesBuildPhase;
			buildActionMask = 2147483647;
			files = (
				AE2F1BDD1CAAE26C00D77534 /* LaunchScreen.storyboard in Resources */,
				AE2F1BDA1CAAE26C00D77534 /* Assets.xcassets in Resources */,
				AEC469C51CAAEFB2003C9B98 /* count.wav in Resources */,
				AE2F1BD81CAAE26C00D77534 /* Main.storyboard in Resources */,
				AEC469C61CAAEFB2003C9B98 /* hello.amr in Resources */,
			);
			runOnlyForDeploymentPostprocessing = 0;
		};
		AE2F1BE11CAAE26C00D77534 /* Resources */ = {
			isa = PBXResourcesBuildPhase;
			buildActionMask = 2147483647;
			files = (
			);
			runOnlyForDeploymentPostprocessing = 0;
		};
/* End PBXResourcesBuildPhase section */

/* Begin PBXShellScriptBuildPhase section */
		0A1327D1692D38E55B28FD8F /* [CP] Embed Pods Frameworks */ = {
			isa = PBXShellScriptBuildPhase;
			buildActionMask = 2147483647;
			files = (
			);
			inputPaths = (
				"${PODS_ROOT}/Target Support Files/Pods-TSVoiceConverterDemo/Pods-TSVoiceConverterDemo-frameworks.sh",
				"${BUILT_PRODUCTS_DIR}/TSVoiceConverter/TSVoiceConverter.framework",
			);
			name = "[CP] Embed Pods Frameworks";
			outputPaths = (
				"${TARGET_BUILD_DIR}/${FRAMEWORKS_FOLDER_PATH}/TSVoiceConverter.framework",
			);
			runOnlyForDeploymentPostprocessing = 0;
			shellPath = /bin/sh;
			shellScript = "\"${PODS_ROOT}/Target Support Files/Pods-TSVoiceConverterDemo/Pods-TSVoiceConverterDemo-frameworks.sh\"\n";
			showEnvVarsInLog = 0;
		};
		77E00311A499D1EE30435F78 /* [CP] Check Pods Manifest.lock */ = {
			isa = PBXShellScriptBuildPhase;
			buildActionMask = 2147483647;
			files = (
			);
			inputPaths = (
				"${PODS_PODFILE_DIR_PATH}/Podfile.lock",
				"${PODS_ROOT}/Manifest.lock",
			);
			name = "[CP] Check Pods Manifest.lock";
			outputPaths = (
				"$(DERIVED_FILE_DIR)/Pods-TSVoiceConverterDemo-checkManifestLockResult.txt",
			);
			runOnlyForDeploymentPostprocessing = 0;
			shellPath = /bin/sh;
			shellScript = "diff \"${PODS_PODFILE_DIR_PATH}/Podfile.lock\" \"${PODS_ROOT}/Manifest.lock\" > /dev/null\nif [ $? != 0 ] ; then\n    # print error to STDERR\n    echo \"error: The sandbox is not in sync with the Podfile.lock. Run 'pod install' or update your CocoaPods installation.\" >&2\n    exit 1\nfi\n# This output is used by Xcode 'outputs' to avoid re-running this script phase.\necho \"SUCCESS\" > \"${SCRIPT_OUTPUT_FILE_0}\"\n";
			showEnvVarsInLog = 0;
		};
/* End PBXShellScriptBuildPhase section */

/* Begin PBXSourcesBuildPhase section */
		AE2F1BCB1CAAE26C00D77534 /* Sources */ = {
			isa = PBXSourcesBuildPhase;
			buildActionMask = 2147483647;
			files = (
				AE2F1BD51CAAE26C00D77534 /* ViewController.swift in Sources */,
				AE2F1BD31CAAE26C00D77534 /* AppDelegate.swift in Sources */,
			);
			runOnlyForDeploymentPostprocessing = 0;
		};
		AE2F1BDF1CAAE26C00D77534 /* Sources */ = {
			isa = PBXSourcesBuildPhase;
			buildActionMask = 2147483647;
			files = (
				AE2F1BE81CAAE26C00D77534 /* TSVoiceConverterDemoTests.swift in Sources */,
			);
			runOnlyForDeploymentPostprocessing = 0;
		};
/* End PBXSourcesBuildPhase section */

/* Begin PBXTargetDependency section */
		AE2F1BE51CAAE26C00D77534 /* PBXTargetDependency */ = {
			isa = PBXTargetDependency;
			target = AE2F1BCE1CAAE26C00D77534 /* TSVoiceConverterDemo */;
			targetProxy = AE2F1BE41CAAE26C00D77534 /* PBXContainerItemProxy */;
		};
/* End PBXTargetDependency section */

/* Begin PBXVariantGroup section */
		AE2F1BD61CAAE26C00D77534 /* Main.storyboard */ = {
			isa = PBXVariantGroup;
			children = (
				AE2F1BD71CAAE26C00D77534 /* Base */,
			);
			name = Main.storyboard;
			sourceTree = "<group>";
		};
		AE2F1BDB1CAAE26C00D77534 /* LaunchScreen.storyboard */ = {
			isa = PBXVariantGroup;
			children = (
				AE2F1BDC1CAAE26C00D77534 /* Base */,
			);
			name = LaunchScreen.storyboard;
			sourceTree = "<group>";
		};
/* End PBXVariantGroup section */

/* Begin XCBuildConfiguration section */
		AE2F1BEA1CAAE26C00D77534 /* Debug */ = {
			isa = XCBuildConfiguration;
			buildSettings = {
				ALWAYS_SEARCH_USER_PATHS = NO;
				CLANG_ANALYZER_NONNULL = YES;
				CLANG_CXX_LANGUAGE_STANDARD = "gnu++0x";
				CLANG_CXX_LIBRARY = "libc++";
				CLANG_ENABLE_MODULES = YES;
				CLANG_ENABLE_OBJC_ARC = YES;
				CLANG_WARN_BLOCK_CAPTURE_AUTORELEASING = YES;
				CLANG_WARN_BOOL_CONVERSION = YES;
				CLANG_WARN_COMMA = YES;
				CLANG_WARN_CONSTANT_CONVERSION = YES;
				CLANG_WARN_DIRECT_OBJC_ISA_USAGE = YES_ERROR;
				CLANG_WARN_EMPTY_BODY = YES;
				CLANG_WARN_ENUM_CONVERSION = YES;
				CLANG_WARN_INFINITE_RECURSION = YES;
				CLANG_WARN_INT_CONVERSION = YES;
				CLANG_WARN_NON_LITERAL_NULL_CONVERSION = YES;
				CLANG_WARN_OBJC_LITERAL_CONVERSION = YES;
				CLANG_WARN_OBJC_ROOT_CLASS = YES_ERROR;
				CLANG_WARN_RANGE_LOOP_ANALYSIS = YES;
				CLANG_WARN_STRICT_PROTOTYPES = YES;
				CLANG_WARN_SUSPICIOUS_MOVE = YES;
				CLANG_WARN_UNREACHABLE_CODE = YES;
				CLANG_WARN__DUPLICATE_METHOD_MATCH = YES;
				"CODE_SIGN_IDENTITY[sdk=iphoneos*]" = "iPhone Developer";
				COPY_PHASE_STRIP = NO;
				DEBUG_INFORMATION_FORMAT = dwarf;
				ENABLE_STRICT_OBJC_MSGSEND = YES;
				ENABLE_TESTABILITY = YES;
				GCC_C_LANGUAGE_STANDARD = gnu99;
				GCC_DYNAMIC_NO_PIC = NO;
				GCC_NO_COMMON_BLOCKS = YES;
				GCC_OPTIMIZATION_LEVEL = 0;
				GCC_PREPROCESSOR_DEFINITIONS = (
					"DEBUG=1",
					"$(inherited)",
				);
				GCC_WARN_64_TO_32_BIT_CONVERSION = YES;
				GCC_WARN_ABOUT_RETURN_TYPE = YES_ERROR;
				GCC_WARN_UNDECLARED_SELECTOR = YES;
				GCC_WARN_UNINITIALIZED_AUTOS = YES_AGGRESSIVE;
				GCC_WARN_UNUSED_FUNCTION = YES;
				GCC_WARN_UNUSED_VARIABLE = YES;
				IPHONEOS_DEPLOYMENT_TARGET = 13.0;
				MTL_ENABLE_DEBUG_INFO = YES;
				ONLY_ACTIVE_ARCH = YES;
				SDKROOT = iphoneos;
				SWIFT_OPTIMIZATION_LEVEL = "-Onone";
			};
			name = Debug;
		};
		AE2F1BEB1CAAE26C00D77534 /* Release */ = {
			isa = XCBuildConfiguration;
			buildSettings = {
				ALWAYS_SEARCH_USER_PATHS = NO;
				CLANG_ANALYZER_NONNULL = YES;
				CLANG_CXX_LANGUAGE_STANDARD = "gnu++0x";
				CLANG_CXX_LIBRARY = "libc++";
				CLANG_ENABLE_MODULES = YES;
				CLANG_ENABLE_OBJC_ARC = YES;
				CLANG_WARN_BLOCK_CAPTURE_AUTORELEASING = YES;
				CLANG_WARN_BOOL_CONVERSION = YES;
				CLANG_WARN_COMMA = YES;
				CLANG_WARN_CONSTANT_CONVERSION = YES;
				CLANG_WARN_DIRECT_OBJC_ISA_USAGE = YES_ERROR;
				CLANG_WARN_EMPTY_BODY = YES;
				CLANG_WARN_ENUM_CONVERSION = YES;
				CLANG_WARN_INFINITE_RECURSION = YES;
				CLANG_WARN_INT_CONVERSION = YES;
				CLANG_WARN_NON_LITERAL_NULL_CONVERSION = YES;
				CLANG_WARN_OBJC_LITERAL_CONVERSION = YES;
				CLANG_WARN_OBJC_ROOT_CLASS = YES_ERROR;
				CLANG_WARN_RANGE_LOOP_ANALYSIS = YES;
				CLANG_WARN_STRICT_PROTOTYPES = YES;
				CLANG_WARN_SUSPICIOUS_MOVE = YES;
				CLANG_WARN_UNREACHABLE_CODE = YES;
				CLANG_WARN__DUPLICATE_METHOD_MATCH = YES;
				"CODE_SIGN_IDENTITY[sdk=iphoneos*]" = "iPhone Developer";
				COPY_PHASE_STRIP = NO;
				DEBUG_INFORMATION_FORMAT = "dwarf-with-dsym";
				ENABLE_NS_ASSERTIONS = NO;
				ENABLE_STRICT_OBJC_MSGSEND = YES;
				GCC_C_LANGUAGE_STANDARD = gnu99;
				GCC_NO_COMMON_BLOCKS = YES;
				GCC_WARN_64_TO_32_BIT_CONVERSION = YES;
				GCC_WARN_ABOUT_RETURN_TYPE = YES_ERROR;
				GCC_WARN_UNDECLARED_SELECTOR = YES;
				GCC_WARN_UNINITIALIZED_AUTOS = YES_AGGRESSIVE;
				GCC_WARN_UNUSED_FUNCTION = YES;
				GCC_WARN_UNUSED_VARIABLE = YES;
				IPHONEOS_DEPLOYMENT_TARGET = 13.0;
				MTL_ENABLE_DEBUG_INFO = NO;
				SDKROOT = iphoneos;
				SWIFT_OPTIMIZATION_LEVEL = "-Owholemodule";
				VALIDATE_PRODUCT = YES;
			};
			name = Release;
		};
		AE2F1BED1CAAE26C00D77534 /* Debug */ = {
			isa = XCBuildConfiguration;
			baseConfigurationReference = 8D9000A3050EBDA0A98CD446 /* Pods-TSVoiceConverterDemo.debug.xcconfig */;
			buildSettings = {
				ASSETCATALOG_COMPILER_APPICON_NAME = AppIcon;
				CLANG_ENABLE_MODULES = YES;
				CODE_SIGN_IDENTITY = "Apple Development";
				CODE_SIGN_STYLE = Automatic;
				DEVELOPMENT_TEAM = "";
				INFOPLIST_FILE = TSVoiceConverterDemo/Info.plist;
				IPHONEOS_DEPLOYMENT_TARGET = 13.0;
				LD_RUNPATH_SEARCH_PATHS = "$(inherited) @executable_path/Frameworks";
				PRODUCT_BUNDLE_IDENTIFIER = Hilen.TSVoiceConverterDemo;
				PRODUCT_NAME = "$(TARGET_NAME)";
				PROVISIONING_PROFILE_SPECIFIER = "";
				SWIFT_OBJC_BRIDGING_HEADER = "";
				SWIFT_OPTIMIZATION_LEVEL = "-Onone";
				SWIFT_VERSION = 4.0;
			};
			name = Debug;
		};
		AE2F1BEE1CAAE26C00D77534 /* Release */ = {
			isa = XCBuildConfiguration;
			baseConfigurationReference = FA568B99163FE2414CC0C659 /* Pods-TSVoiceConverterDemo.release.xcconfig */;
			buildSettings = {
				ASSETCATALOG_COMPILER_APPICON_NAME = AppIcon;
				CLANG_ENABLE_MODULES = YES;
				CODE_SIGN_IDENTITY = "Apple Development";
				CODE_SIGN_STYLE = Automatic;
				DEVELOPMENT_TEAM = "";
				INFOPLIST_FILE = TSVoiceConverterDemo/Info.plist;
				IPHONEOS_DEPLOYMENT_TARGET = 13.0;
				LD_RUNPATH_SEARCH_PATHS = "$(inherited) @executable_path/Frameworks";
				PRODUCT_BUNDLE_IDENTIFIER = Hilen.TSVoiceConverterDemo;
				PRODUCT_NAME = "$(TARGET_NAME)";
				PROVISIONING_PROFILE_SPECIFIER = "";
				SWIFT_OBJC_BRIDGING_HEADER = "";
				SWIFT_VERSION = 4.0;
			};
			name = Release;
		};
		AE2F1BF01CAAE26C00D77534 /* Debug */ = {
			isa = XCBuildConfiguration;
			buildSettings = {
				BUNDLE_LOADER = "$(TEST_HOST)";
				INFOPLIST_FILE = TSVoiceConverterDemoTests/Info.plist;
				LD_RUNPATH_SEARCH_PATHS = "$(inherited) @executable_path/Frameworks @loader_path/Frameworks";
				PRODUCT_BUNDLE_IDENTIFIER = Hilen.TSVoiceConverterDemoTests;
				PRODUCT_NAME = "$(TARGET_NAME)";
				SWIFT_VERSION = 4.0;
				TEST_HOST = "$(BUILT_PRODUCTS_DIR)/TSVoiceConverterDemo.app/TSVoiceConverterDemo";
			};
			name = Debug;
		};
		AE2F1BF11CAAE26C00D77534 /* Release */ = {
			isa = XCBuildConfiguration;
			buildSettings = {
				BUNDLE_LOADER = "$(TEST_HOST)";
				INFOPLIST_FILE = TSVoiceConverterDemoTests/Info.plist;
				LD_RUNPATH_SEARCH_PATHS = "$(inherited) @executable_path/Frameworks @loader_path/Frameworks";
				PRODUCT_BUNDLE_IDENTIFIER = Hilen.TSVoiceConverterDemoTests;
				PRODUCT_NAME = "$(TARGET_NAME)";
				SWIFT_VERSION = 4.0;
				TEST_HOST = "$(BUILT_PRODUCTS_DIR)/TSVoiceConverterDemo.app/TSVoiceConverterDemo";
			};
			name = Release;
		};
/* End XCBuildConfiguration section */

/* Begin XCConfigurationList section */
		AE2F1BCA1CAAE26C00D77534 /* Build configuration list for PBXProject "TSVoiceConverterDemo" */ = {
			isa = XCConfigurationList;
			buildConfigurations = (
				AE2F1BEA1CAAE26C00D77534 /* Debug */,
				AE2F1BEB1CAAE26C00D77534 /* Release */,
			);
			defaultConfigurationIsVisible = 0;
			defaultConfigurationName = Release;
		};
		AE2F1BEC1CAAE26C00D77534 /* Build configuration list for PBXNativeTarget "TSVoiceConverterDemo" */ = {
			isa = XCConfigurationList;
			buildConfigurations = (
				AE2F1BED1CAAE26C00D77534 /* Debug */,
				AE2F1BEE1CAAE26C00D77534 /* Release */,
			);
			defaultConfigurationIsVisible = 0;
			defaultConfigurationName = Release;
		};
		AE2F1BEF1CAAE26C00D77534 /* Build configuration list for PBXNativeTarget "TSVoiceConverterDemoTests" */ = {
			isa = XCConfigurationList;
			buildConfigurations = (
				AE2F1BF01CAAE26C00D77534 /* Debug */,
				AE2F1BF11CAAE26C00D77534 /* Release */,
			);
			defaultConfigurationIsVisible = 0;
			defaultConfigurationName = Release;
		};
/* End XCConfigurationList section */
	};
	rootObject = AE2F1BC71CAAE26C00D77534 /* Project object */;
}
